{
  "version": 4,
  "terraform_version": "1.10.4",
  "serial": 5,
  "lineage": "3a32f87f-443b-67a9-8fc2-61526c14d4be",
  "outputs": {},
  "resources": [
    {
      "mode": "data",
      "type": "aws_secretsmanager_secret",
      "name": "secrets",
      "provider": "provider[\"registry.terraform.io/hashicorp/aws\"]",
      "instances": [
        {
          "schema_version": 0,
          "attributes": {
            "arn": "arn:aws:secretsmanager:eu-west-2:858840651384:secret:spotify-creds-nQ7FWZ",
            "created_date": "2025-01-23T15:57:01Z",
            "description": "",
            "id": "arn:aws:secretsmanager:eu-west-2:858840651384:secret:spotify-creds-nQ7FWZ",
            "kms_key_id": "",
            "last_changed_date": "2025-01-23T15:57:01Z",
            "name": "spotify-creds",
            "policy": "",
            "tags": {}
          },
          "sensitive_attributes": []
        }
      ]
    },
    {
      "mode": "data",
      "type": "aws_secretsmanager_secret_version",
      "name": "current",
      "provider": "provider[\"registry.terraform.io/hashicorp/aws\"]",
      "instances": [
        {
          "schema_version": 0,
          "attributes": {
            "arn": "arn:aws:secretsmanager:eu-west-2:858840651384:secret:spotify-creds-nQ7FWZ",
            "created_date": "2025-01-23T15:57:01Z",
            "id": "arn:aws:secretsmanager:eu-west-2:858840651384:secret:spotify-creds-nQ7FWZ|AWSCURRENT",
            "secret_binary": "",
            "secret_id": "arn:aws:secretsmanager:eu-west-2:858840651384:secret:spotify-creds-nQ7FWZ",
            "secret_string": "{\"SPOTIFY_CLIENT_ID\":\"842c972f19164dd4aa6d3275aabb8a6c\",\n\"SPOTIFY_CLIENT_SECRET\":\"2a489a1f42454861a6b776cb1a34049c\",\n\"api_key\":\"e2lJ2UN1xb2moq4fLQImq8VEhGI3Z-l082DAZNbvWt3WJUThNFoqIMudHuBR1yob\"}",
            "version_id": "d9a3db71-6d4a-41dd-b459-384dc101d706",
            "version_stage": "AWSCURRENT",
            "version_stages": [
              "AWSCURRENT"
            ]
          },
          "sensitive_attributes": [
            [
              {
                "type": "get_attr",
                "value": "secret_binary"
              }
            ],
            [
              {
                "type": "get_attr",
                "value": "secret_string"
              }
            ]
          ]
        }
      ]
    },
    {
      "mode": "data",
      "type": "spotify_search_track",
      "name": "beethoven",
      "provider": "provider[\"registry.terraform.io/conradludgate/spotify\"]",
      "instances": [
        {
          "schema_version": 0,
          "attributes": {
            "album": null,
            "artist": "Ludwig van Beethoven",
            "explicit": true,
            "id": "1737718992",
            "limit": 10,
            "name": null,
            "tracks": [
              {
                "album": "3jGwxZcuQj1SriVnbkrVoG",
                "artists": [
                  "2wOqMjp9TyABvtHdOSOTUS",
                  "4yanWaefFUJnIUV0aITdvV"
                ],
                "id": "1qqCwvirTwkHjaKMFAehWN",
                "name": "Beethoven Variation (After String Quartet No. 13, Op. 130: II)"
              },
              {
                "album": "2WWYbi82tBgUKf8JofDnNm",
                "artists": [
                  "2wOqMjp9TyABvtHdOSOTUS",
                  "5hNkYserp4NjyqmWU0phaY",
                  "6VGsq6XzhNWk9oWZLx001d"
                ],
                "id": "7CYXCTmj6WTIRZZZk25Qf1",
                "name": "Beethoven: Sonatina for Mandolin and Piano in C Minor, WoO 43a (Transc. Santos for Two Guitars)"
              },
              {
                "album": "7DjhmuhGKTieyhDLHUdCEa",
                "artists": [
                  "2wOqMjp9TyABvtHdOSOTUS",
                  "4yanWaefFUJnIUV0aITdvV"
                ],
                "id": "4o83MTJQwgdKCYWEXjygap",
                "name": "Beethoven Variation (After String Quartet No. 13, Op. 130: II)"
              },
              {
                "album": "72E6gzGvjYqdZmZLXhxbrZ",
                "artists": [
                  "2wOqMjp9TyABvtHdOSOTUS",
                  "3edVJKQ4WiZSu3FVEkA9qz"
                ],
                "id": "5u2lOGc7oSnpBAEs7JxUPN",
                "name": "Beethoven: Piano Sonata No. 1, Adagio - Excerpt"
              },
              {
                "album": "7EUA7PD7xuLL7M3ImURH8f",
                "artists": [
                  "2wOqMjp9TyABvtHdOSOTUS",
                  "3edVJKQ4WiZSu3FVEkA9qz"
                ],
                "id": "0q0uqIS0mIpq2Zyr6s36ru",
                "name": "Beethoven: Piano Sonata No. 1, Adagio - Excerpt"
              },
              {
                "album": "0SXuCTEMFcVSmfaPTp0cNF",
                "artists": [
                  "2wOqMjp9TyABvtHdOSOTUS",
                  "3edVJKQ4WiZSu3FVEkA9qz"
                ],
                "id": "63ex6CosvkcyEwyXytGkO0",
                "name": "Beethoven: Piano Sonata No. 1, Adagio - Excerpt"
              },
              {
                "album": "0CgbSPlhHUfYDJwCCRPQVj",
                "artists": [
                  "2wOqMjp9TyABvtHdOSOTUS",
                  "3edVJKQ4WiZSu3FVEkA9qz"
                ],
                "id": "4DoEhKDvtj82BBCXmCLTjL",
                "name": "Beethoven: Piano Sonata No. 1, Adagio - Excerpt"
              },
              {
                "album": "1QgXDHGYvuGTG1Hbu4her2",
                "artists": [
                  "2wOqMjp9TyABvtHdOSOTUS",
                  "3edVJKQ4WiZSu3FVEkA9qz"
                ],
                "id": "3oUW2J8CpNvnzJYJfWr9Ua",
                "name": "Beethoven: Piano Sonata No. 1, Adagio - Excerpt"
              },
              {
                "album": "78IgYBtcrWhVgLCRgM78Bn",
                "artists": [
                  "2wOqMjp9TyABvtHdOSOTUS",
                  "4yanWaefFUJnIUV0aITdvV"
                ],
                "id": "4MHfNwbkGGrxXumITPrnLQ",
                "name": "Beethoven Variation (After String Quartet No. 13, Op. 130: II)"
              },
              {
                "album": "44A3yCK6CPYeIsxQmDEzZn",
                "artists": [
                  "2wOqMjp9TyABvtHdOSOTUS",
                  "3edVJKQ4WiZSu3FVEkA9qz"
                ],
                "id": "5d8uuNR0RKYpdwlf6lESoO",
                "name": "Beethoven: Piano Sonata No. 1, Adagio - Excerpt"
              }
            ],
            "year": null
          },
          "sensitive_attributes": []
        }
      ]
    },
    {
      "mode": "managed",
      "type": "spotify_playlist",
      "name": "beethoven_playlist",
      "provider": "provider[\"registry.terraform.io/conradludgate/spotify\"]",
      "instances": [
        {
          "schema_version": 0,
          "attributes": {
            "description": "",
            "id": "7u0O1eZhbZZYX49lB4zBbX",
            "name": "Ludwig van Terraform",
            "public": true,
            "snapshot_id": "AAAAAhZ/6lwvzOfSF8YkZFDMAnN3k3vr",
            "tracks": [
              "1qqCwvirTwkHjaKMFAehWN"
            ]
          },
          "sensitive_attributes": [],
          "private": "bnVsbA==",
          "dependencies": [
            "data.spotify_search_track.beethoven"
          ]
        }
      ]
    }
  ],
  "check_results": null
}
