{
  "version": 4,
  "terraform_version": "1.10.5",
  "serial": 9,
  "lineage": "3a32f87f-443b-67a9-8fc2-61526c14d4be",
  "outputs": {},
  "resources": [
    {
      "mode": "data",
      "type": "aws_secretsmanager_secret",
      "name": "secrets",
      "provider": "provider[\"registry.terraform.io/hashicorp/aws\"]",
      "instances": [
        {
          "schema_version": 0,
          "attributes": {
            "arn": "arn:aws:secretsmanager:eu-west-2:858840651384:secret:spotify-creds-nQ7FWZ",
            "created_date": "2025-01-23T15:57:01Z",
            "description": "",
            "id": "arn:aws:secretsmanager:eu-west-2:858840651384:secret:spotify-creds-nQ7FWZ",
            "kms_key_id": "",
            "last_changed_date": "2025-01-23T15:57:01Z",
            "name": "spotify-creds",
            "policy": "",
            "tags": {}
          },
          "sensitive_attributes": []
        }
      ]
    },
    {
      "mode": "data",
      "type": "aws_secretsmanager_secret_version",
      "name": "current",
      "provider": "provider[\"registry.terraform.io/hashicorp/aws\"]",
      "instances": [
        {
          "schema_version": 0,
          "attributes": {
            "arn": "arn:aws:secretsmanager:eu-west-2:858840651384:secret:spotify-creds-nQ7FWZ",
            "created_date": "2025-01-23T15:57:01Z",
            "id": "arn:aws:secretsmanager:eu-west-2:858840651384:secret:spotify-creds-nQ7FWZ|AWSCURRENT",
            "secret_binary": "",
            "secret_id": "arn:aws:secretsmanager:eu-west-2:858840651384:secret:spotify-creds-nQ7FWZ",
            "secret_string": "{\"SPOTIFY_CLIENT_ID\":\"842c972f19164dd4aa6d3275aabb8a6c\",\n\"SPOTIFY_CLIENT_SECRET\":\"2a489a1f42454861a6b776cb1a34049c\",\n\"api_key\":\"e2lJ2UN1xb2moq4fLQImq8VEhGI3Z-l082DAZNbvWt3WJUThNFoqIMudHuBR1yob\"}",
            "version_id": "d9a3db71-6d4a-41dd-b459-384dc101d706",
            "version_stage": "AWSCURRENT",
            "version_stages": [
              "AWSCURRENT"
            ]
          },
          "sensitive_attributes": [
            [
              {
                "type": "get_attr",
                "value": "secret_string"
              }
            ],
            [
              {
                "type": "get_attr",
                "value": "secret_binary"
              }
            ]
          ]
        }
      ]
    },
    {
      "mode": "data",
      "type": "spotify_search_track",
      "name": "beethoven",
      "provider": "provider[\"registry.terraform.io/conradludgate/spotify\"]",
      "instances": [
        {
          "schema_version": 0,
          "attributes": {
            "album": null,
            "artist": "Ludwig van Beethoven",
            "explicit": true,
            "id": "1737912076",
            "limit": 50,
            "name": null,
            "tracks": [
              {
                "album": "7DjhmuhGKTieyhDLHUdCEa",
                "artists": [
                  "2wOqMjp9TyABvtHdOSOTUS",
                  "4yanWaefFUJnIUV0aITdvV"
                ],
                "id": "4o83MTJQwgdKCYWEXjygap",
                "name": "Beethoven Variation (After String Quartet No. 13, Op. 130: II)"
              },
              {
                "album": "72E6gzGvjYqdZmZLXhxbrZ",
                "artists": [
                  "2wOqMjp9TyABvtHdOSOTUS",
                  "0japPUWMmW3gxqjSB1VEVL"
                ],
                "id": "7IQGIwHP35AZUfqP8zZf0N",
                "name": "Ode to Joy (from Beethoven's Symphony No. 9, Op.125)"
              },
              {
                "album": "0SXuCTEMFcVSmfaPTp0cNF",
                "artists": [
                  "2wOqMjp9TyABvtHdOSOTUS",
                  "0japPUWMmW3gxqjSB1VEVL"
                ],
                "id": "5gWvsDzDWBJBS8Am2IYq66",
                "name": "Ode to Joy (from Beethoven's Symphony No. 9, Op.125)"
              },
              {
                "album": "7DjhmuhGKTieyhDLHUdCEa",
                "artists": [
                  "2wOqMjp9TyABvtHdOSOTUS",
                  "2Habwewg0ZpMr2YWSTANE9"
                ],
                "id": "3XP5tlo7u9FnAqdutLd8pR",
                "name": "Eroica Dance (Arr. for Piano from Symphony No. 3 in E-Flat Major, Op. 55 by Martin Stadtfeld )"
              },
              {
                "album": "2WWYbi82tBgUKf8JofDnNm",
                "artists": [
                  "2wOqMjp9TyABvtHdOSOTUS",
                  "5hNkYserp4NjyqmWU0phaY",
                  "6VGsq6XzhNWk9oWZLx001d"
                ],
                "id": "7CYXCTmj6WTIRZZZk25Qf1",
                "name": "Beethoven: Sonatina for Mandolin and Piano in C Minor, WoO 43a (Transc. Santos for Two Guitars)"
              },
              {
                "album": "7EUA7PD7xuLL7M3ImURH8f",
                "artists": [
                  "2wOqMjp9TyABvtHdOSOTUS",
                  "0japPUWMmW3gxqjSB1VEVL"
                ],
                "id": "2CXPXhyp2P6aimKkA57zMx",
                "name": "Ode to Joy (from Beethoven's Symphony No. 9, Op.125)"
              },
              {
                "album": "72E6gzGvjYqdZmZLXhxbrZ",
                "artists": [
                  "2wOqMjp9TyABvtHdOSOTUS",
                  "3edVJKQ4WiZSu3FVEkA9qz"
                ],
                "id": "5u2lOGc7oSnpBAEs7JxUPN",
                "name": "Beethoven: Piano Sonata No. 1, Adagio - Excerpt"
              },
              {
                "album": "0SXuCTEMFcVSmfaPTp0cNF",
                "artists": [
                  "2wOqMjp9TyABvtHdOSOTUS",
                  "0japPUWMmW3gxqjSB1VEVL"
                ],
                "id": "5RRL6dwnwO1XvaIalzg41n",
                "name": "Piano Sonata No. 8 in C minor, Op. 13, \"Pathétique\": I. Grave - Allegro di molto e con brio"
              },
              {
                "album": "72E6gzGvjYqdZmZLXhxbrZ",
                "artists": [
                  "2wOqMjp9TyABvtHdOSOTUS",
                  "0japPUWMmW3gxqjSB1VEVL"
                ],
                "id": "1v2I3GjVHHHp1wsepPCELk",
                "name": "Piano Sonata No. 8 in C minor, Op. 13, \"Pathétique\": I. Grave - Allegro di molto e con brio"
              },
              {
                "album": "7EUA7PD7xuLL7M3ImURH8f",
                "artists": [
                  "2wOqMjp9TyABvtHdOSOTUS",
                  "3edVJKQ4WiZSu3FVEkA9qz"
                ],
                "id": "0q0uqIS0mIpq2Zyr6s36ru",
                "name": "Beethoven: Piano Sonata No. 1, Adagio - Excerpt"
              },
              {
                "album": "0CgbSPlhHUfYDJwCCRPQVj",
                "artists": [
                  "2wOqMjp9TyABvtHdOSOTUS",
                  "0japPUWMmW3gxqjSB1VEVL"
                ],
                "id": "4Yrani4qN5Sn11DeKsNVJx",
                "name": "Ode to Joy (from Beethoven's Symphony No. 9, Op.125)"
              },
              {
                "album": "0SXuCTEMFcVSmfaPTp0cNF",
                "artists": [
                  "2wOqMjp9TyABvtHdOSOTUS",
                  "3edVJKQ4WiZSu3FVEkA9qz"
                ],
                "id": "63ex6CosvkcyEwyXytGkO0",
                "name": "Beethoven: Piano Sonata No. 1, Adagio - Excerpt"
              },
              {
                "album": "7DjhmuhGKTieyhDLHUdCEa",
                "artists": [
                  "2wOqMjp9TyABvtHdOSOTUS",
                  "0OG7Jsxh29ESIeAHlElBOj"
                ],
                "id": "0cRov9bVISuRnT2DMJ9o1D",
                "name": "Moonlight Sonata Variation (From Piano Sonata No. 14, Op. 27, Arr. by Svetoslav Karparov)"
              },
              {
                "album": "7DjhmuhGKTieyhDLHUdCEa",
                "artists": [
                  "2wOqMjp9TyABvtHdOSOTUS",
                  "5aIqB5nVVvmFsvSdExz408",
                  "1MBdqvpYGau9IvRqwsSS50",
                  "7xblEPvRNj5mqQ1vzV0g2D"
                ],
                "id": "0CpjZsccbUdmtzGXexQ6NG",
                "name": "Joy (After Bach's Jesu, Joy of Man's Desiring, BWV 147, No. 10 and Beethoven's Symphony No. 9, Op.125: IV. \"Ode to Joy\")"
              },
              {
                "album": "1QgXDHGYvuGTG1Hbu4her2",
                "artists": [
                  "2wOqMjp9TyABvtHdOSOTUS",
                  "0japPUWMmW3gxqjSB1VEVL"
                ],
                "id": "3Ef4eyTpzxprqK4WkT891v",
                "name": "Ode to Joy (from Beethoven's Symphony No. 9, Op.125)"
              },
              {
                "album": "0CgbSPlhHUfYDJwCCRPQVj",
                "artists": [
                  "2wOqMjp9TyABvtHdOSOTUS",
                  "0japPUWMmW3gxqjSB1VEVL"
                ],
                "id": "0wj4e5XSgJnjCqgoBupNgX",
                "name": "Piano Sonata No. 8 in C minor, Op. 13, \"Pathétique\": I. Grave - Allegro di molto e con brio"
              },
              {
                "album": "7DjhmuhGKTieyhDLHUdCEa",
                "artists": [
                  "2wOqMjp9TyABvtHdOSOTUS",
                  "0OG7Jsxh29ESIeAHlElBOj"
                ],
                "id": "3a5eQMCBsUsdTjzRE7gcqD",
                "name": "Für Elise Variation (From Bagatelle in A Minor, WoO 59, Arr. by Svetoslav Karparov)"
              },
              {
                "album": "0CgbSPlhHUfYDJwCCRPQVj",
                "artists": [
                  "2wOqMjp9TyABvtHdOSOTUS",
                  "3edVJKQ4WiZSu3FVEkA9qz"
                ],
                "id": "4DoEhKDvtj82BBCXmCLTjL",
                "name": "Beethoven: Piano Sonata No. 1, Adagio - Excerpt"
              },
              {
                "album": "0SXuCTEMFcVSmfaPTp0cNF",
                "artists": [
                  "2wOqMjp9TyABvtHdOSOTUS",
                  "0japPUWMmW3gxqjSB1VEVL"
                ],
                "id": "0d0XOO0a3onkunaWNGJUK1",
                "name": "Piano Sonata No. 21 in C Major, Op. 53, \"Waldstein\": I. Allegro con brio"
              },
              {
                "album": "72E6gzGvjYqdZmZLXhxbrZ",
                "artists": [
                  "2wOqMjp9TyABvtHdOSOTUS",
                  "0japPUWMmW3gxqjSB1VEVL"
                ],
                "id": "4HnoGQW9JYip6dpnLaPj5Q",
                "name": "Piano Sonata No. 21 in C Major, Op. 53, \"Waldstein\": I. Allegro con brio"
              },
              {
                "album": "7EUA7PD7xuLL7M3ImURH8f",
                "artists": [
                  "2wOqMjp9TyABvtHdOSOTUS",
                  "0japPUWMmW3gxqjSB1VEVL"
                ],
                "id": "2vzuy7sI9LDwSqHIhxj9xb",
                "name": "Piano Sonata No. 21 in C Major, Op. 53, \"Waldstein\": I. Allegro con brio"
              },
              {
                "album": "72E6gzGvjYqdZmZLXhxbrZ",
                "artists": [
                  "2wOqMjp9TyABvtHdOSOTUS",
                  "0japPUWMmW3gxqjSB1VEVL"
                ],
                "id": "7nbqjrHHh9st9MIpOq0VvE",
                "name": "Piano Sonata No. 14 in C-sharp minor, Op. 27, No. 2, \"Moonlight\": I. Adagio sostenuto"
              },
              {
                "album": "1QgXDHGYvuGTG1Hbu4her2",
                "artists": [
                  "2wOqMjp9TyABvtHdOSOTUS",
                  "3edVJKQ4WiZSu3FVEkA9qz"
                ],
                "id": "3oUW2J8CpNvnzJYJfWr9Ua",
                "name": "Beethoven: Piano Sonata No. 1, Adagio - Excerpt"
              },
              {
                "album": "7aX1lkaULk6GmgFoKulQtX",
                "artists": [
                  "2wOqMjp9TyABvtHdOSOTUS",
                  "0japPUWMmW3gxqjSB1VEVL"
                ],
                "id": "3DB4N8mkQTYCwpHu9bnw09",
                "name": "Piano Sonata No. 8 in C minor, Op. 13, \"Pathétique\": I. Grave - Allegro di molto e con brio"
              },
              {
                "album": "7EUA7PD7xuLL7M3ImURH8f",
                "artists": [
                  "2wOqMjp9TyABvtHdOSOTUS",
                  "0japPUWMmW3gxqjSB1VEVL"
                ],
                "id": "7grQ2ApQH37JvfFJZlVmRt",
                "name": "Piano Sonata No. 1 in F Minor, Op. 2, No. 1: II. Adagio"
              },
              {
                "album": "0SXuCTEMFcVSmfaPTp0cNF",
                "artists": [
                  "2wOqMjp9TyABvtHdOSOTUS",
                  "0japPUWMmW3gxqjSB1VEVL"
                ],
                "id": "5vzdhGmpsNdkKzr9qDo7mY",
                "name": "Piano Sonata No. 28 in A Major, Op. 101: I. Etwas lebhaft und mit der innigsten Empfindung"
              },
              {
                "album": "7aX1lkaULk6GmgFoKulQtX",
                "artists": [
                  "2wOqMjp9TyABvtHdOSOTUS",
                  "0japPUWMmW3gxqjSB1VEVL"
                ],
                "id": "3BNZ1Ai82ms0NmtKUS7Hdp",
                "name": "Ode to Joy (from Beethoven's Symphony No. 9, Op.125)"
              },
              {
                "album": "7EUA7PD7xuLL7M3ImURH8f",
                "artists": [
                  "2wOqMjp9TyABvtHdOSOTUS",
                  "0japPUWMmW3gxqjSB1VEVL"
                ],
                "id": "3nP384pE1AcHC1pWoIKGDg",
                "name": "Piano Sonata No. 28 in A Major, Op. 101: I. Etwas lebhaft und mit der innigsten Empfindung"
              },
              {
                "album": "0SXuCTEMFcVSmfaPTp0cNF",
                "artists": [
                  "2wOqMjp9TyABvtHdOSOTUS",
                  "0japPUWMmW3gxqjSB1VEVL"
                ],
                "id": "0ppC2uNktNlHKiSN3LVt7P",
                "name": "Piano Sonata No. 14 in C-sharp minor, Op. 27, No. 2, \"Moonlight\": I. Adagio sostenuto"
              },
              {
                "album": "78IgYBtcrWhVgLCRgM78Bn",
                "artists": [
                  "2wOqMjp9TyABvtHdOSOTUS",
                  "4yanWaefFUJnIUV0aITdvV"
                ],
                "id": "4MHfNwbkGGrxXumITPrnLQ",
                "name": "Beethoven Variation (After String Quartet No. 13, Op. 130: II)"
              },
              {
                "album": "72E6gzGvjYqdZmZLXhxbrZ",
                "artists": [
                  "2wOqMjp9TyABvtHdOSOTUS",
                  "0japPUWMmW3gxqjSB1VEVL"
                ],
                "id": "3WE0uNeWMFlnqebLfrBjRo",
                "name": "Piano Sonata No. 28 in A Major, Op. 101: I. Etwas lebhaft und mit der innigsten Empfindung"
              },
              {
                "album": "78IgYBtcrWhVgLCRgM78Bn",
                "artists": [
                  "2wOqMjp9TyABvtHdOSOTUS",
                  "5aIqB5nVVvmFsvSdExz408",
                  "1MBdqvpYGau9IvRqwsSS50",
                  "7xblEPvRNj5mqQ1vzV0g2D"
                ],
                "id": "4ZJSuRCPNFKapU0Xeo4dIh",
                "name": "Joy (After Bach's Jesu, Joy of Man's Desiring, BWV 147, No. 10 and Beethoven's Symphony No. 9, Op.125: IV. \"Ode to Joy\")"
              },
              {
                "album": "44A3yCK6CPYeIsxQmDEzZn",
                "artists": [
                  "2wOqMjp9TyABvtHdOSOTUS",
                  "3edVJKQ4WiZSu3FVEkA9qz"
                ],
                "id": "5d8uuNR0RKYpdwlf6lESoO",
                "name": "Beethoven: Piano Sonata No. 1, Adagio - Excerpt"
              },
              {
                "album": "72E6gzGvjYqdZmZLXhxbrZ",
                "artists": [
                  "2wOqMjp9TyABvtHdOSOTUS",
                  "0japPUWMmW3gxqjSB1VEVL"
                ],
                "id": "5rB7TAUCgDMYTynvthAvKL",
                "name": "Bagatelle No. 25 in A Minor, WoO 59 \"Für Elise\""
              },
              {
                "album": "0CgbSPlhHUfYDJwCCRPQVj",
                "artists": [
                  "2wOqMjp9TyABvtHdOSOTUS",
                  "0japPUWMmW3gxqjSB1VEVL"
                ],
                "id": "7yvuwyE1tv9U30DKHbvRWT",
                "name": "Piano Sonata No. 28 in A Major, Op. 101: I. Etwas lebhaft und mit der innigsten Empfindung"
              },
              {
                "album": "7aX1lkaULk6GmgFoKulQtX",
                "artists": [
                  "2wOqMjp9TyABvtHdOSOTUS",
                  "3edVJKQ4WiZSu3FVEkA9qz"
                ],
                "id": "5GYF7Mk1gpCxHTCbdk8yfA",
                "name": "Beethoven: Piano Sonata No. 1, Adagio - Excerpt"
              },
              {
                "album": "1QgXDHGYvuGTG1Hbu4her2",
                "artists": [
                  "2wOqMjp9TyABvtHdOSOTUS",
                  "0japPUWMmW3gxqjSB1VEVL"
                ],
                "id": "2Doe4bkQjeOzPNMmN7CKeT",
                "name": "Piano Sonata No. 28 in A Major, Op. 101: I. Etwas lebhaft und mit der innigsten Empfindung"
              },
              {
                "album": "44A3yCK6CPYeIsxQmDEzZn",
                "artists": [
                  "2wOqMjp9TyABvtHdOSOTUS",
                  "0japPUWMmW3gxqjSB1VEVL"
                ],
                "id": "7gkfSROpGO0PdlGwEgOjx2",
                "name": "Ode to Joy (from Beethoven's Symphony No. 9, Op.125)"
              },
              {
                "album": "1QgXDHGYvuGTG1Hbu4her2",
                "artists": [
                  "2wOqMjp9TyABvtHdOSOTUS",
                  "0japPUWMmW3gxqjSB1VEVL"
                ],
                "id": "26Y6JBhH5BSiLPZzmGgopq",
                "name": "Piano Sonata No. 1 in F Minor, Op. 2, No. 1: II. Adagio"
              },
              {
                "album": "0CgbSPlhHUfYDJwCCRPQVj",
                "artists": [
                  "2wOqMjp9TyABvtHdOSOTUS",
                  "0japPUWMmW3gxqjSB1VEVL"
                ],
                "id": "19Wmth4x1nGLZz2AfGg3Wn",
                "name": "Piano Sonata No. 14 in C-sharp minor, Op. 27, No. 2, \"Moonlight\": I. Adagio sostenuto"
              },
              {
                "album": "1QgXDHGYvuGTG1Hbu4her2",
                "artists": [
                  "2wOqMjp9TyABvtHdOSOTUS",
                  "0japPUWMmW3gxqjSB1VEVL"
                ],
                "id": "3Is5CtSs3VH68X8LA67VEa",
                "name": "Piano Sonata No. 14 in C-sharp minor, Op. 27, No. 2, \"Moonlight\": I. Adagio sostenuto"
              },
              {
                "album": "7aX1lkaULk6GmgFoKulQtX",
                "artists": [
                  "2wOqMjp9TyABvtHdOSOTUS",
                  "0japPUWMmW3gxqjSB1VEVL"
                ],
                "id": "6oEPyl2ag7xF46ri5TGKaj",
                "name": "Piano Sonata No. 28 in A Major, Op. 101: I. Etwas lebhaft und mit der innigsten Empfindung"
              },
              {
                "album": "1QgXDHGYvuGTG1Hbu4her2",
                "artists": [
                  "2wOqMjp9TyABvtHdOSOTUS",
                  "0japPUWMmW3gxqjSB1VEVL"
                ],
                "id": "5jNK1jOMJmxphwF6MSEZzk",
                "name": "Bagatelle No. 25 in A Minor, WoO 59 \"Für Elise\""
              },
              {
                "album": "0CgbSPlhHUfYDJwCCRPQVj",
                "artists": [
                  "2wOqMjp9TyABvtHdOSOTUS",
                  "0japPUWMmW3gxqjSB1VEVL"
                ],
                "id": "1SqPbPJ9wCgLuAcwCrynL8",
                "name": "Bagatelle No. 25 in A Minor, WoO 59 \"Für Elise\""
              },
              {
                "album": "7EUA7PD7xuLL7M3ImURH8f",
                "artists": [
                  "2wOqMjp9TyABvtHdOSOTUS",
                  "0japPUWMmW3gxqjSB1VEVL"
                ],
                "id": "1ujocwoTYLkyrKvT9LotQ3",
                "name": "Bagatelle No. 25 in A Minor, WoO 59 \"Für Elise\""
              },
              {
                "album": "7aX1lkaULk6GmgFoKulQtX",
                "artists": [
                  "2wOqMjp9TyABvtHdOSOTUS",
                  "0japPUWMmW3gxqjSB1VEVL"
                ],
                "id": "4QAd6qKTQngDIkn87YMmyB",
                "name": "Piano Sonata No. 1 in F Minor, Op. 2, No. 1: II. Adagio"
              },
              {
                "album": "7aX1lkaULk6GmgFoKulQtX",
                "artists": [
                  "2wOqMjp9TyABvtHdOSOTUS",
                  "0japPUWMmW3gxqjSB1VEVL"
                ],
                "id": "1oitrA9PNbETybHesqN5L0",
                "name": "Piano Sonata No. 14 in C-sharp minor, Op. 27, No. 2, \"Moonlight\": I. Adagio sostenuto"
              },
              {
                "album": "44A3yCK6CPYeIsxQmDEzZn",
                "artists": [
                  "2wOqMjp9TyABvtHdOSOTUS",
                  "0japPUWMmW3gxqjSB1VEVL"
                ],
                "id": "5iIJhV2PrxNL4uLLPZCaSG",
                "name": "Piano Sonata No. 14 in C-sharp minor, Op. 27, No. 2, \"Moonlight\": I. Adagio sostenuto"
              },
              {
                "album": "7aX1lkaULk6GmgFoKulQtX",
                "artists": [
                  "2wOqMjp9TyABvtHdOSOTUS",
                  "0japPUWMmW3gxqjSB1VEVL"
                ],
                "id": "0ZFqcKWhJ56v0gYdQo0V6e",
                "name": "Bagatelle No. 25 in A Minor, WoO 59 \"Für Elise\""
              },
              {
                "album": "44A3yCK6CPYeIsxQmDEzZn",
                "artists": [
                  "2wOqMjp9TyABvtHdOSOTUS",
                  "0japPUWMmW3gxqjSB1VEVL"
                ],
                "id": "0L5qIS3cKFMqTqarjBLAVX",
                "name": "Bagatelle No. 25 in A Minor, WoO 59 \"Für Elise\""
              }
            ],
            "year": null
          },
          "sensitive_attributes": []
        }
      ]
    },
    {
      "mode": "managed",
      "type": "spotify_playlist",
      "name": "beethoven_playlist",
      "provider": "provider[\"registry.terraform.io/conradludgate/spotify\"]",
      "instances": [
        {
          "schema_version": 0,
          "attributes": {
            "description": "",
            "id": "7u0O1eZhbZZYX49lB4zBbX",
            "name": "Ludwig van Terraform",
            "public": true,
            "snapshot_id": "AAAABaW6KiaK5glglnz+GrBxZb6F686d",
            "tracks": [
              "4o83MTJQwgdKCYWEXjygap",
              "7IQGIwHP35AZUfqP8zZf0N",
              "5gWvsDzDWBJBS8Am2IYq66",
              "3XP5tlo7u9FnAqdutLd8pR",
              "7CYXCTmj6WTIRZZZk25Qf1",
              "2CXPXhyp2P6aimKkA57zMx",
              "5u2lOGc7oSnpBAEs7JxUPN",
              "5RRL6dwnwO1XvaIalzg41n",
              "1v2I3GjVHHHp1wsepPCELk",
              "0q0uqIS0mIpq2Zyr6s36ru",
              "4Yrani4qN5Sn11DeKsNVJx",
              "63ex6CosvkcyEwyXytGkO0",
              "0cRov9bVISuRnT2DMJ9o1D",
              "0CpjZsccbUdmtzGXexQ6NG",
              "3Ef4eyTpzxprqK4WkT891v",
              "0wj4e5XSgJnjCqgoBupNgX",
              "3a5eQMCBsUsdTjzRE7gcqD",
              "4DoEhKDvtj82BBCXmCLTjL",
              "0d0XOO0a3onkunaWNGJUK1",
              "4HnoGQW9JYip6dpnLaPj5Q",
              "2vzuy7sI9LDwSqHIhxj9xb",
              "7nbqjrHHh9st9MIpOq0VvE",
              "3oUW2J8CpNvnzJYJfWr9Ua",
              "3DB4N8mkQTYCwpHu9bnw09",
              "7grQ2ApQH37JvfFJZlVmRt",
              "5vzdhGmpsNdkKzr9qDo7mY",
              "3BNZ1Ai82ms0NmtKUS7Hdp",
              "3nP384pE1AcHC1pWoIKGDg",
              "0ppC2uNktNlHKiSN3LVt7P",
              "4MHfNwbkGGrxXumITPrnLQ",
              "3WE0uNeWMFlnqebLfrBjRo",
              "4ZJSuRCPNFKapU0Xeo4dIh",
              "5d8uuNR0RKYpdwlf6lESoO",
              "5rB7TAUCgDMYTynvthAvKL",
              "7yvuwyE1tv9U30DKHbvRWT",
              "5GYF7Mk1gpCxHTCbdk8yfA",
              "2Doe4bkQjeOzPNMmN7CKeT",
              "7gkfSROpGO0PdlGwEgOjx2",
              "26Y6JBhH5BSiLPZzmGgopq",
              "19Wmth4x1nGLZz2AfGg3Wn",
              "3Is5CtSs3VH68X8LA67VEa",
              "6oEPyl2ag7xF46ri5TGKaj",
              "5jNK1jOMJmxphwF6MSEZzk",
              "1SqPbPJ9wCgLuAcwCrynL8",
              "1ujocwoTYLkyrKvT9LotQ3",
              "4QAd6qKTQngDIkn87YMmyB",
              "1oitrA9PNbETybHesqN5L0",
              "5iIJhV2PrxNL4uLLPZCaSG",
              "0ZFqcKWhJ56v0gYdQo0V6e",
              "0L5qIS3cKFMqTqarjBLAVX"
            ]
          },
          "sensitive_attributes": [],
          "private": "bnVsbA==",
          "dependencies": [
            "data.spotify_search_track.beethoven"
          ]
        }
      ]
    }
  ],
  "check_results": null
}
